<Solution>
  <Folder Name="/Solution Items/">
    <File Path="docs/review/TRM_Code_To_Theory_Audit.md" />
    <File Path="docs/Theory/TRM_Geodesic_Derivation.md" />
    <File Path="ProjectStructure.md" />
    <File Path="README.md" />
  </Folder>
  <Project Path="TRM.CMD/TRM.CMD.csproj" Id="2ed77da7-60be-4985-b7dd-e9b46ee343eb" />
  <Project Path="TRM.Core/TRM.Core.csproj" />
  <Project Path="TRM.Python/TRM.Python.pyproj" Type="888888a0-9f3d-457c-b088-3a5042f75d52" Id="6a8310b5-356b-4cdd-8e8b-cfcc23d9254d">
    <Build Project="false" />
  </Project>
  <Project Path="TRM.QuantumCore/TRM.QuantumCore.csproj" Id="6ada21e6-23de-4910-bb82-901d2f5cf112" />
  <Project Path="TRM.Simulations/TRM.Simulations.csproj" Id="55437fea-13af-4b91-8706-9ff037a9ed51" />
  <Project Path="TRM.Tests/TRM.Tests.csproj" />
</Solution>
